
Microsoft Visual Studio Solution File, Format Version 12.00
# Visual Studio Version 17
VisualStudioVersion = 17.11.35222.181
MinimumVisualStudioVersion = 10.0.40219.1
Project("{FAE04EC0-301F-11D3-BF4B-00C04F79EFBC}") = "WebApi", "WebApi\WebApi.csproj", "{8FD14B16-3182-4DF3-BDB5-91A01F1DAFBA}"
EndProject
Project("{FAE04EC0-301F-11D3-BF4B-00C04F79EFBC}") = "DAL", "DAL\DAL.csproj", "{1A44BB24-7F7F-497E-AAB4-90DCA98D0E09}"
EndProject
Project("{FAE04EC0-301F-11D3-BF4B-00C04F79EFBC}") = "BLL", "BLL\BLL.csproj", "{1AA554AB-D63C-4E52-8ED8-EC1F6509118C}"
EndProject
Global
	GlobalSection(SolutionConfigurationPlatforms) = preSolution
		Debug|Any CPU = Debug|Any CPU
		Release|Any CPU = Release|Any CPU
	EndGlobalSection
	GlobalSection(ProjectConfigurationPlatforms) = postSolution
		{8FD14B16-3182-4DF3-BDB5-91A01F1DAFBA}.Debug|Any CPU.ActiveCfg = Debug|Any CPU
		{8FD14B16-3182-4DF3-BDB5-91A01F1DAFBA}.Debug|Any CPU.Build.0 = Debug|Any CPU
		{8FD14B16-3182-4DF3-BDB5-91A01F1DAFBA}.Release|Any CPU.ActiveCfg = Release|Any CPU
		{8FD14B16-3182-4DF3-BDB5-91A01F1DAFBA}.Release|Any CPU.Build.0 = Release|Any CPU
		{1A44BB24-7F7F-497E-AAB4-90DCA98D0E09}.Debug|Any CPU.ActiveCfg = Debug|Any CPU
		{1A44BB24-7F7F-497E-AAB4-90DCA98D0E09}.Debug|Any CPU.Build.0 = Debug|Any CPU
		{1A44BB24-7F7F-497E-AAB4-90DCA98D0E09}.Release|Any CPU.ActiveCfg = Release|Any CPU
		{1A44BB24-7F7F-497E-AAB4-90DCA98D0E09}.Release|Any CPU.Build.0 = Release|Any CPU
		{1AA554AB-D63C-4E52-8ED8-EC1F6509118C}.Debug|Any CPU.ActiveCfg = Debug|Any CPU
		{1AA554AB-D63C-4E52-8ED8-EC1F6509118C}.Debug|Any CPU.Build.0 = Debug|Any CPU
		{1AA554AB-D63C-4E52-8ED8-EC1F6509118C}.Release|Any CPU.ActiveCfg = Release|Any CPU
		{1AA554AB-D63C-4E52-8ED8-EC1F6509118C}.Release|Any CPU.Build.0 = Release|Any CPU
	EndGlobalSection
	GlobalSection(SolutionProperties) = preSolution
		HideSolutionNode = FALSE
	EndGlobalSection
	GlobalSection(ExtensibilityGlobals) = postSolution
		SolutionGuid = {1703479E-F0F2-4CE6-9E27-F98F7966E4F1}
	EndGlobalSection
EndGlobal
